
Microsoft Visual Studio Solution File, Format Version 12.00
# Visual Studio 14
VisualStudioVersion = 14.0.24720.0
MinimumVisualStudioVersion = 10.0.40219.1
Project("{E24C65DC-7377-472B-9ABA-BC803B73C61A}") = "alcanceplgithubio", ".", "{A7DA67D5-73C8-427F-85D7-FFB1B8145E54}"
	ProjectSection(WebsiteProperties) = preProject
		TargetFrameworkMoniker = ".NETFramework,Version%3Dv4.0"
		Debug.AspNetCompiler.VirtualPath = "/localhost_39913"
		Debug.AspNetCompiler.PhysicalPath = "..\alcanceplgithubio\"
		Debug.AspNetCompiler.TargetPath = "PrecompiledWeb\localhost_39913\"
		Debug.AspNetCompiler.Updateable = "true"
		Debug.AspNetCompiler.ForceOverwrite = "true"
		Debug.AspNetCompiler.FixedNames = "false"
		Debug.AspNetCompiler.Debug = "True"
		Release.AspNetCompiler.VirtualPath = "/localhost_39913"
		Release.AspNetCompiler.PhysicalPath = "..\alcanceplgithubio\"
		Release.AspNetCompiler.TargetPath = "PrecompiledWeb\localhost_39913\"
		Release.AspNetCompiler.Updateable = "true"
		Release.AspNetCompiler.ForceOverwrite = "true"
		Release.AspNetCompiler.FixedNames = "false"
		Release.AspNetCompiler.Debug = "False"
		VWDPort = "39913"
		SlnRelativePath = "..\alcanceplgithubio\"
	EndProjectSection
EndProject
Project("{2150E333-8FDC-42A3-9474-1A3956D46DE8}") = "Solution Items", "Solution Items", "{BA882AC8-8337-41B9-B0D9-8AC73AB7C170}"
	ProjectSection(SolutionItems) = preProject
		WebEssentials2015-Settings.json = WebEssentials2015-Settings.json
	EndProjectSection
EndProject
Global
	GlobalSection(SolutionConfigurationPlatforms) = preSolution
		Debug|Any CPU = Debug|Any CPU
	EndGlobalSection
	GlobalSection(ProjectConfigurationPlatforms) = postSolution
		{A7DA67D5-73C8-427F-85D7-FFB1B8145E54}.Debug|Any CPU.ActiveCfg = Debug|Any CPU
		{A7DA67D5-73C8-427F-85D7-FFB1B8145E54}.Debug|Any CPU.Build.0 = Debug|Any CPU
	EndGlobalSection
	GlobalSection(SolutionProperties) = preSolution
		HideSolutionNode = FALSE
	EndGlobalSection
EndGlobal
